{
  "name": "douyin-taobao-cs",
  "version": "1.1.0",
  "lockfileVersion": 3,
  "requires": true,
  "packages": {
    "": {
      "name": "douyin-taobao-cs",
      "version": "1.1.0",
      "license": "LicenseRef-BossAI-Community-Source-1.0",
      "engines": {
        "node": ">=20"
      }
    }
  }
}
